{
  "version": 4,
  "terraform_version": "1.1.0",
  "serial": 6,
  "lineage": "ea1b84dd-41e5-c24e-ea17-be3b99e8eb10",
  "outputs": {
    "genericpassword": {
      "value": "cBnfOoM1e�B\u0026\u0026HFz",
      "type": "string",
      "sensitive": true
    }
  },
  "resources": [
    {
      "mode": "managed",
      "type": "random_password",
      "name": "genericpassword",
      "provider": "provider[\"registry.terraform.io/hashicorp/random\"]",
      "instances": [
        {
          "schema_version": 0,
          "attributes": {
            "id": "none",
            "keepers": null,
            "length": 16,
            "lower": true,
            "min_lower": 2,
            "min_numeric": 1,
            "min_special": 2,
            "min_upper": 2,
            "number": true,
            "override_special": "{}\u0026*_£$",
            "result": "cBnfOoM1e�B\u0026\u0026HFz",
            "special": true,
            "upper": true
          },
          "sensitive_attributes": [],
          "private": "bnVsbA=="
        }
      ]
    }
  ]
}
